
Microsoft Visual Studio Solution File, Format Version 12.00
# Visual Studio 2012
Project("{FAE04EC0-301F-11D3-BF4B-00C04F79EFBC}") = "LearningCSharp", "LearningCSharp\LearningCSharp.csproj", "{FCC66295-931D-4F75-A2ED-F3A24D47DFF8}"
EndProject
Global
	GlobalSection(SolutionConfigurationPlatforms) = preSolution
		Debug|Any CPU = Debug|Any CPU
		Release|Any CPU = Release|Any CPU
	EndGlobalSection
	GlobalSection(ProjectConfigurationPlatforms) = postSolution
		{FCC66295-931D-4F75-A2ED-F3A24D47DFF8}.Debug|Any CPU.ActiveCfg = Debug|Any CPU
		{FCC66295-931D-4F75-A2ED-F3A24D47DFF8}.Debug|Any CPU.Build.0 = Debug|Any CPU
		{FCC66295-931D-4F75-A2ED-F3A24D47DFF8}.Release|Any CPU.ActiveCfg = Release|Any CPU
		{FCC66295-931D-4F75-A2ED-F3A24D47DFF8}.Release|Any CPU.Build.0 = Release|Any CPU
	EndGlobalSection
EndGlobal
